
Microsoft Visual Studio Solution File, Format Version 12.00
# Visual Studio 2012
Project("{FAE04EC0-301F-11D3-BF4B-00C04F79EFBC}") = "SneakySignal", "SneakySignal\SneakySignal.csproj", "{5959D790-8EF8-47E7-8459-2F772F00CDD7}"
EndProject
Global
	GlobalSection(SolutionConfigurationPlatforms) = preSolution
		Debug|Any CPU = Debug|Any CPU
		Release|Any CPU = Release|Any CPU
	EndGlobalSection
	GlobalSection(ProjectConfigurationPlatforms) = postSolution
		{5959D790-8EF8-47E7-8459-2F772F00CDD7}.Debug|Any CPU.ActiveCfg = Debug|Any CPU
		{5959D790-8EF8-47E7-8459-2F772F00CDD7}.Debug|Any CPU.Build.0 = Debug|Any CPU
		{5959D790-8EF8-47E7-8459-2F772F00CDD7}.Release|Any CPU.ActiveCfg = Release|Any CPU
		{5959D790-8EF8-47E7-8459-2F772F00CDD7}.Release|Any CPU.Build.0 = Release|Any CPU
	EndGlobalSection
	GlobalSection(SolutionProperties) = preSolution
		HideSolutionNode = FALSE
	EndGlobalSection
EndGlobal
